{
  "name": "llm-wiki-skills",
  "version": "0.1.0",
  "lockfileVersion": 3,
  "requires": true,
  "packages": {
    "": {
      "name": "llm-wiki-skills",
      "version": "0.1.0",
      "license": "MIT",
      "devDependencies": {
        "skills": "1.5.13"
      },
      "engines": {
        "node": ">=18"
      }
    },
    "node_modules/skills": {
      "version": "1.5.13",
      "resolved": "https://registry.npmjs.org/skills/-/skills-1.5.13.tgz",
      "integrity": "sha512-eKYnMYCV4zlmXSikluxctEsn46i9ci18vb2d8b45yb4zTIvj3nFqMV3IrzF7VxqoXPF2AQnEZqVDu9tbPB2Atw==",
      "dev": true,
      "license": "MIT",
      "dependencies": {
        "yaml": "^2.8.3"
      },
      "bin": {
        "add-skill": "bin/cli.mjs",
        "skills": "bin/cli.mjs"
      },
      "engines": {
        "node": ">=18"
      }
    },
    "node_modules/yaml": {
      "version": "2.9.0",
      "resolved": "https://registry.npmjs.org/yaml/-/yaml-2.9.0.tgz",
      "integrity": "sha512-2AvhNX3mb8zd6Zy7INTtSpl1F15HW6Wnqj0srWlkKLcpYl/gMIMJiyuGq2KeI2YFxUPjdlB+3Lc10seMLtL4cA==",
      "dev": true,
      "license": "ISC",
      "bin": {
        "yaml": "bin.mjs"
      },
      "engines": {
        "node": ">= 14.6"
      },
      "funding": {
        "url": "https://github.com/sponsors/eemeli"
      }
    }
  }
}
